{
   "name": "friendly-barnacle",
   "version": "0.1.0",
   "lockfileVersion": 2,
   "requires": true,
   "packages": {
      "": {
         "name": "friendly-barnacle",
         "version": "0.1.0",
         "hasInstallScript": true,
         "license": "MIT",
         "engines": {
            "node": "16.x"
         }
      }
   }
}
